
Microsoft Visual Studio Solution File, Format Version 12.00
# Visual Studio Version 17
VisualStudioVersion = 17.3.32825.248
MinimumVisualStudioVersion = 10.0.40219.1
Project("{FAE04EC0-301F-11D3-BF4B-00C04F79EFBC}") = "Hajó", "Hajó\Hajó.csproj", "{9323C4AD-62A3-46AC-89D6-12F8F44F0634}"
EndProject
Global
	GlobalSection(SolutionConfigurationPlatforms) = preSolution
		Debug|Any CPU = Debug|Any CPU
		Release|Any CPU = Release|Any CPU
	EndGlobalSection
	GlobalSection(ProjectConfigurationPlatforms) = postSolution
		{9323C4AD-62A3-46AC-89D6-12F8F44F0634}.Debug|Any CPU.ActiveCfg = Debug|Any CPU
		{9323C4AD-62A3-46AC-89D6-12F8F44F0634}.Debug|Any CPU.Build.0 = Debug|Any CPU
		{9323C4AD-62A3-46AC-89D6-12F8F44F0634}.Release|Any CPU.ActiveCfg = Release|Any CPU
		{9323C4AD-62A3-46AC-89D6-12F8F44F0634}.Release|Any CPU.Build.0 = Release|Any CPU
	EndGlobalSection
	GlobalSection(SolutionProperties) = preSolution
		HideSolutionNode = FALSE
	EndGlobalSection
	GlobalSection(ExtensibilityGlobals) = postSolution
		SolutionGuid = {F4017BD9-6272-45F5-BA7D-F0006A2C7E6F}
	EndGlobalSection
EndGlobal
